
Microsoft Visual Studio Solution File, Format Version 12.00
# Visual Studio Version 17
VisualStudioVersion = 17.6.33723.286
MinimumVisualStudioVersion = 10.0.40219.1
Project("{9A19103F-16F7-4668-BE54-9A1E7A4F7556}") = "Whose Coat Is That Jacket", "Whose Coat Is That Jacket\Whose Coat Is That Jacket.csproj", "{54D4CB57-D1E0-47C0-9418-08EB753A32ED}"
EndProject
Project("{FAE04EC0-301F-11D3-BF4B-00C04F79EFBC}") = "TestProject1", "TestProject1\TestProject1.csproj", "{53A2C319-6ACA-42CA-AE33-BEE800095CCB}"
EndProject
Global
	GlobalSection(SolutionConfigurationPlatforms) = preSolution
		Debug|Any CPU = Debug|Any CPU
		Release|Any CPU = Release|Any CPU
	EndGlobalSection
	GlobalSection(ProjectConfigurationPlatforms) = postSolution
		{54D4CB57-D1E0-47C0-9418-08EB753A32ED}.Debug|Any CPU.ActiveCfg = Debug|Any CPU
		{54D4CB57-D1E0-47C0-9418-08EB753A32ED}.Debug|Any CPU.Build.0 = Debug|Any CPU
		{54D4CB57-D1E0-47C0-9418-08EB753A32ED}.Release|Any CPU.ActiveCfg = Release|Any CPU
		{54D4CB57-D1E0-47C0-9418-08EB753A32ED}.Release|Any CPU.Build.0 = Release|Any CPU
		{53A2C319-6ACA-42CA-AE33-BEE800095CCB}.Debug|Any CPU.ActiveCfg = Debug|Any CPU
		{53A2C319-6ACA-42CA-AE33-BEE800095CCB}.Debug|Any CPU.Build.0 = Debug|Any CPU
		{53A2C319-6ACA-42CA-AE33-BEE800095CCB}.Release|Any CPU.ActiveCfg = Release|Any CPU
		{53A2C319-6ACA-42CA-AE33-BEE800095CCB}.Release|Any CPU.Build.0 = Release|Any CPU
	EndGlobalSection
	GlobalSection(SolutionProperties) = preSolution
		HideSolutionNode = FALSE
	EndGlobalSection
	GlobalSection(ExtensibilityGlobals) = postSolution
		SolutionGuid = {8577DB79-1F3D-479E-807B-190BE3597CF5}
	EndGlobalSection
EndGlobal
