
Microsoft Visual Studio Solution File, Format Version 12.00
# Visual Studio Version 16
VisualStudioVersion = 25.0.1705.4
MinimumVisualStudioVersion = 10.0.40219.1
Project("{FAE04EC0-301F-11D3-BF4B-00C04F79EFBC}") = "Interface", "Interface\Interface.csproj", "{64E1BB8E-419B-4AEB-8622-52294B885ADE}"
EndProject
Global
	GlobalSection(SolutionConfigurationPlatforms) = preSolution
		Debug|Any CPU = Debug|Any CPU
		Release|Any CPU = Release|Any CPU
	EndGlobalSection
	GlobalSection(ProjectConfigurationPlatforms) = postSolution
		{64E1BB8E-419B-4AEB-8622-52294B885ADE}.Debug|Any CPU.ActiveCfg = Debug|Any CPU
		{64E1BB8E-419B-4AEB-8622-52294B885ADE}.Debug|Any CPU.Build.0 = Debug|Any CPU
		{64E1BB8E-419B-4AEB-8622-52294B885ADE}.Release|Any CPU.ActiveCfg = Release|Any CPU
		{64E1BB8E-419B-4AEB-8622-52294B885ADE}.Release|Any CPU.Build.0 = Release|Any CPU
	EndGlobalSection
	GlobalSection(SolutionProperties) = preSolution
		HideSolutionNode = FALSE
	EndGlobalSection
	GlobalSection(ExtensibilityGlobals) = postSolution
		SolutionGuid = {72F468D2-F85C-4B8E-80D7-2D141708BAC5}
	EndGlobalSection
EndGlobal
