
Microsoft Visual Studio Solution File, Format Version 12.00
# Visual Studio Version 16
VisualStudioVersion = 25.0.1705.4
MinimumVisualStudioVersion = 10.0.40219.1
Project("{FAE04EC0-301F-11D3-BF4B-00C04F79EFBC}") = "Maui App Practice", "Maui App Practice.csproj", "{879A2E56-0825-493E-A957-F9E64F5F66B3}"
EndProject
Global
	GlobalSection(SolutionConfigurationPlatforms) = preSolution
		Debug|Any CPU = Debug|Any CPU
		Release|Any CPU = Release|Any CPU
	EndGlobalSection
	GlobalSection(ProjectConfigurationPlatforms) = postSolution
		{879A2E56-0825-493E-A957-F9E64F5F66B3}.Debug|Any CPU.ActiveCfg = Debug|Any CPU
		{879A2E56-0825-493E-A957-F9E64F5F66B3}.Debug|Any CPU.Build.0 = Debug|Any CPU
		{879A2E56-0825-493E-A957-F9E64F5F66B3}.Release|Any CPU.ActiveCfg = Release|Any CPU
		{879A2E56-0825-493E-A957-F9E64F5F66B3}.Release|Any CPU.Build.0 = Release|Any CPU
	EndGlobalSection
	GlobalSection(SolutionProperties) = preSolution
		HideSolutionNode = FALSE
	EndGlobalSection
	GlobalSection(ExtensibilityGlobals) = postSolution
		SolutionGuid = {55B6652B-1873-4C3B-8824-01ACA3A3525D}
	EndGlobalSection
EndGlobal
